Microsoft Visual Studio Solution File, Format Version 12.00
# Visual Studio Version 17
VisualStudioVersion = 17.5.2.0
MinimumVisualStudioVersion = 10.0.40219.1
Project("{FAE04EC0-301F-11D3-BF4B-00C04F79EFBC}") = "HistorySimulator", "HistorySimulator.csproj", "{8E3278C0-3A80-596A-6E43-21F99735AFC7}"
EndProject
Global
	GlobalSection(SolutionConfigurationPlatforms) = preSolution
		Debug|Any CPU = Debug|Any CPU
		Release|Any CPU = Release|Any CPU
	EndGlobalSection
	GlobalSection(ProjectConfigurationPlatforms) = postSolution
		{8E3278C0-3A80-596A-6E43-21F99735AFC7}.Debug|Any CPU.ActiveCfg = Debug|Any CPU
		{8E3278C0-3A80-596A-6E43-21F99735AFC7}.Debug|Any CPU.Build.0 = Debug|Any CPU
		{8E3278C0-3A80-596A-6E43-21F99735AFC7}.Release|Any CPU.ActiveCfg = Release|Any CPU
		{8E3278C0-3A80-596A-6E43-21F99735AFC7}.Release|Any CPU.Build.0 = Release|Any CPU
	EndGlobalSection
	GlobalSection(SolutionProperties) = preSolution
		HideSolutionNode = FALSE
	EndGlobalSection
	GlobalSection(ExtensibilityGlobals) = postSolution
		SolutionGuid = {E1E45082-0CE6-46DB-A670-CF8541D468AB}
	EndGlobalSection
EndGlobal
